
Microsoft Visual Studio Solution File, Format Version 12.00
# Visual Studio Version 17
VisualStudioVersion = 17.3.32901.215
MinimumVisualStudioVersion = 10.0.40219.1
Project("{FAE04EC0-301F-11D3-BF4B-00C04F79EFBC}") = "Cliente", "Cliente\Cliente.csproj", "{0AB50375-7E4D-48DA-8E39-8F6C2C3F678E}"
EndProject
Global
	GlobalSection(SolutionConfigurationPlatforms) = preSolution
		Debug|Any CPU = Debug|Any CPU
		Release|Any CPU = Release|Any CPU
	EndGlobalSection
	GlobalSection(ProjectConfigurationPlatforms) = postSolution
		{0AB50375-7E4D-48DA-8E39-8F6C2C3F678E}.Debug|Any CPU.ActiveCfg = Debug|Any CPU
		{0AB50375-7E4D-48DA-8E39-8F6C2C3F678E}.Debug|Any CPU.Build.0 = Debug|Any CPU
		{0AB50375-7E4D-48DA-8E39-8F6C2C3F678E}.Release|Any CPU.ActiveCfg = Release|Any CPU
		{0AB50375-7E4D-48DA-8E39-8F6C2C3F678E}.Release|Any CPU.Build.0 = Release|Any CPU
	EndGlobalSection
	GlobalSection(SolutionProperties) = preSolution
		HideSolutionNode = FALSE
	EndGlobalSection
	GlobalSection(ExtensibilityGlobals) = postSolution
		SolutionGuid = {729EDE2D-29C2-452B-9339-26048D185676}
	EndGlobalSection
EndGlobal
